
Microsoft Visual Studio Solution File, Format Version 12.00
# Visual Studio Version 17
VisualStudioVersion = 17.11.35312.102
MinimumVisualStudioVersion = 10.0.40219.1
Project("{9A19103F-16F7-4668-BE54-9A1E7A4F7556}") = "ProyectoAsistencia", "ProyectoAsistencia\ProyectoAsistencia.csproj", "{A51C513B-1861-4686-B370-4FA619F1F18B}"
EndProject
Global
	GlobalSection(SolutionConfigurationPlatforms) = preSolution
		Debug|Any CPU = Debug|Any CPU
		Release|Any CPU = Release|Any CPU
	EndGlobalSection
	GlobalSection(ProjectConfigurationPlatforms) = postSolution
		{A51C513B-1861-4686-B370-4FA619F1F18B}.Debug|Any CPU.ActiveCfg = Debug|Any CPU
		{A51C513B-1861-4686-B370-4FA619F1F18B}.Debug|Any CPU.Build.0 = Debug|Any CPU
		{A51C513B-1861-4686-B370-4FA619F1F18B}.Release|Any CPU.ActiveCfg = Release|Any CPU
		{A51C513B-1861-4686-B370-4FA619F1F18B}.Release|Any CPU.Build.0 = Release|Any CPU
	EndGlobalSection
	GlobalSection(SolutionProperties) = preSolution
		HideSolutionNode = FALSE
	EndGlobalSection
	GlobalSection(ExtensibilityGlobals) = postSolution
		SolutionGuid = {7B3500C3-9212-4203-8102-27D99F001948}
	EndGlobalSection
EndGlobal
